{
  "name": "FutureINC",
  "lockfileVersion": 3,
  "requires": true,
  "packages": {
    "": {
      "dependencies": {
        "resize-observer": "^1.0.4"
      }
    },
    "node_modules/resize-observer": {
      "version": "1.0.4",
      "resolved": "https://registry.npmjs.org/resize-observer/-/resize-observer-1.0.4.tgz",
      "integrity": "sha512-AQ2MdkWTng9d6JtjHvljiQR949qdae91pjSNugGGeOFzKIuLHvoZIYhUTjePla5hCFDwQHrnkciAIzjzdsTZew=="
    }
  }
}
